
Microsoft Visual Studio Solution File, Format Version 12.00
# Visual Studio Version 16
VisualStudioVersion = 16.0.31424.327
MinimumVisualStudioVersion = 10.0.40219.1
Project("{FAE04EC0-301F-11D3-BF4B-00C04F79EFBC}") = "SignalServerExample", "SignalServerExample.csproj", "{72312DED-8154-4A53-B16E-CD100A5199E2}"
EndProject
Global
	GlobalSection(SolutionConfigurationPlatforms) = preSolution
		Debug|Any CPU = Debug|Any CPU
		Release|Any CPU = Release|Any CPU
	EndGlobalSection
	GlobalSection(ProjectConfigurationPlatforms) = postSolution
		{72312DED-8154-4A53-B16E-CD100A5199E2}.Debug|Any CPU.ActiveCfg = Debug|Any CPU
		{72312DED-8154-4A53-B16E-CD100A5199E2}.Debug|Any CPU.Build.0 = Debug|Any CPU
		{72312DED-8154-4A53-B16E-CD100A5199E2}.Release|Any CPU.ActiveCfg = Release|Any CPU
		{72312DED-8154-4A53-B16E-CD100A5199E2}.Release|Any CPU.Build.0 = Release|Any CPU
	EndGlobalSection
	GlobalSection(SolutionProperties) = preSolution
		HideSolutionNode = FALSE
	EndGlobalSection
	GlobalSection(ExtensibilityGlobals) = postSolution
		SolutionGuid = {6A3A0EFD-781E-456A-B19B-333C33C7DD94}
	EndGlobalSection
EndGlobal
